// !$*UTF8*$!
{
	archiveVersion = 1;
	classes = {
	};
	objectVersion = 56;
	objects = {

/* Begin PBXBuildFile section */
		860620102A77EC5200E8123C /* Utilities.swift in Sources */ = {isa = PBXBuildFile; fileRef = 8606200F2A77EC5200E8123C /* Utilities.swift */; };
		860620152A7803EE00E8123C /* SettingsView.swift in Sources */ = {isa = PBXBuildFile; fileRef = 860620142A7803EE00E8123C /* SettingsView.swift */; };
		860620172A78040600E8123C /* SettingsViewModel.swift in Sources */ = {isa = PBXBuildFile; fileRef = 860620162A78040600E8123C /* SettingsViewModel.swift */; };
		867328EB2A79425000BEA07D /* NotificationManager.swift in Sources */ = {isa = PBXBuildFile; fileRef = 867328EA2A79425000BEA07D /* NotificationManager.swift */; };
		867328F62A7A689500BEA07D /* Route.swift in Sources */ = {isa = PBXBuildFile; fileRef = 867328F52A7A689500BEA07D /* Route.swift */; };
		867328FE2A82438200BEA07D /* MainAssembley.swift in Sources */ = {isa = PBXBuildFile; fileRef = 867328FD2A82438200BEA07D /* MainAssembley.swift */; };
		867329002A8245DD00BEA07D /* AddBinAssembley.swift in Sources */ = {isa = PBXBuildFile; fileRef = 867328FF2A8245DD00BEA07D /* AddBinAssembley.swift */; };
		867329022A8256B000BEA07D /* SettingsAssembley.swift in Sources */ = {isa = PBXBuildFile; fileRef = 867329012A8256B000BEA07D /* SettingsAssembley.swift */; };
		867329052A825D0B00BEA07D /* EditBinAssembley.swift in Sources */ = {isa = PBXBuildFile; fileRef = 867329042A825D0B00BEA07D /* EditBinAssembley.swift */; };
		867329072A826E8700BEA07D /* MainViewModel.swift in Sources */ = {isa = PBXBuildFile; fileRef = 867329062A826E8700BEA07D /* MainViewModel.swift */; };
		86BE857E2A73FDD5003650AE /* NotificationScreenView.swift in Sources */ = {isa = PBXBuildFile; fileRef = 86BE857D2A73FDD5003650AE /* NotificationScreenView.swift */; };
		86DF7EED2A6EA13B00B304EE /* my_waste_appApp.swift in Sources */ = {isa = PBXBuildFile; fileRef = 86DF7EEC2A6EA13B00B304EE /* my_waste_appApp.swift */; };
		86DF7EEF2A6EA13B00B304EE /* MainView.swift in Sources */ = {isa = PBXBuildFile; fileRef = 86DF7EEE2A6EA13B00B304EE /* MainView.swift */; };
		86DF7EF12A6EA13C00B304EE /* Assets.xcassets in Resources */ = {isa = PBXBuildFile; fileRef = 86DF7EF02A6EA13C00B304EE /* Assets.xcassets */; };
		86DF7EF42A6EA13C00B304EE /* Preview Assets.xcassets in Resources */ = {isa = PBXBuildFile; fileRef = 86DF7EF32A6EA13C00B304EE /* Preview Assets.xcassets */; };
		86DF7EFB2A6EC4FA00B304EE /* BinCellView.swift in Sources */ = {isa = PBXBuildFile; fileRef = 86DF7EFA2A6EC4FA00B304EE /* BinCellView.swift */; };
		86DF7EFF2A6EC66E00B304EE /* Singleton.swift in Sources */ = {isa = PBXBuildFile; fileRef = 86DF7EFE2A6EC66E00B304EE /* Singleton.swift */; };
		86DF7F012A6EFBD500B304EE /* AddBinView.swift in Sources */ = {isa = PBXBuildFile; fileRef = 86DF7F002A6EFBD500B304EE /* AddBinView.swift */; };
		86DF7F0C2A6F22AC00B304EE /* WeekDay.swift in Sources */ = {isa = PBXBuildFile; fileRef = 86DF7F0B2A6F22AC00B304EE /* WeekDay.swift */; };
		86DF7F0F2A6FCD6D00B304EE /* WeekdayRow.swift in Sources */ = {isa = PBXBuildFile; fileRef = 86DF7F0E2A6FCD6D00B304EE /* WeekdayRow.swift */; };
		86DF7F132A6FE85C00B304EE /* BinsListView.swift in Sources */ = {isa = PBXBuildFile; fileRef = 86DF7F122A6FE85C00B304EE /* BinsListView.swift */; };
		86DF7F152A6FE8CE00B304EE /* BinsListViewModel.swift in Sources */ = {isa = PBXBuildFile; fileRef = 86DF7F142A6FE8CE00B304EE /* BinsListViewModel.swift */; };
		86DF7F172A6FF36F00B304EE /* AddBinViewModel.swift in Sources */ = {isa = PBXBuildFile; fileRef = 86DF7F162A6FF36F00B304EE /* AddBinViewModel.swift */; };
		86DF7F1A2A70394800B304EE /* EditBinView.swift in Sources */ = {isa = PBXBuildFile; fileRef = 86DF7F192A70394800B304EE /* EditBinView.swift */; };
		86DF7F1E2A703E4000B304EE /* EditBinViewModel.swift in Sources */ = {isa = PBXBuildFile; fileRef = 86DF7F1D2A703E4000B304EE /* EditBinViewModel.swift */; };
		86F9D7DB2A851CAD00F9765C /* Notification.swift in Sources */ = {isa = PBXBuildFile; fileRef = 86F9D7DA2A851CAD00F9765C /* Notification.swift */; };
		86F9D7DF2A851D5E00F9765C /* Day.swift in Sources */ = {isa = PBXBuildFile; fileRef = 86F9D7DE2A851D5E00F9765C /* Day.swift */; };
		86F9D7E12A851E7B00F9765C /* Bin.swift in Sources */ = {isa = PBXBuildFile; fileRef = 86F9D7E02A851E7B00F9765C /* Bin.swift */; };
		86FA52192A8F824A00D3495A /* Subscriptions.storekit in Resources */ = {isa = PBXBuildFile; fileRef = 86FA52182A8F824A00D3495A /* Subscriptions.storekit */; };
		86FA521C2A8F826E00D3495A /* StoreKit.framework in Frameworks */ = {isa = PBXBuildFile; fileRef = 86FA521B2A8F826E00D3495A /* StoreKit.framework */; };
		86FA52202A8F89B100D3495A /* ProductsConstants.swift in Sources */ = {isa = PBXBuildFile; fileRef = 86FA521F2A8F89B100D3495A /* ProductsConstants.swift */; };
		86FA52222A8F8A3300D3495A /* SubscriptionStore.swift in Sources */ = {isa = PBXBuildFile; fileRef = 86FA52212A8F8A3300D3495A /* SubscriptionStore.swift */; };
/* End PBXBuildFile section */

/* Begin PBXFileReference section */
		8606200B2A77D00900E8123C /* my waste app.entitlements */ = {isa = PBXFileReference; lastKnownFileType = text.plist.entitlements; path = "my waste app.entitlements"; sourceTree = "<group>"; };
		8606200F2A77EC5200E8123C /* Utilities.swift */ = {isa = PBXFileReference; lastKnownFileType = sourcecode.swift; path = Utilities.swift; sourceTree = "<group>"; };
		860620142A7803EE00E8123C /* SettingsView.swift */ = {isa = PBXFileReference; lastKnownFileType = sourcecode.swift; path = SettingsView.swift; sourceTree = "<group>"; };
		860620162A78040600E8123C /* SettingsViewModel.swift */ = {isa = PBXFileReference; lastKnownFileType = sourcecode.swift; path = SettingsViewModel.swift; sourceTree = "<group>"; };
		867328EA2A79425000BEA07D /* NotificationManager.swift */ = {isa = PBXFileReference; lastKnownFileType = sourcecode.swift; path = NotificationManager.swift; sourceTree = "<group>"; };
		867328F52A7A689500BEA07D /* Route.swift */ = {isa = PBXFileReference; lastKnownFileType = sourcecode.swift; path = Route.swift; sourceTree = "<group>"; };
		867328FD2A82438200BEA07D /* MainAssembley.swift */ = {isa = PBXFileReference; lastKnownFileType = sourcecode.swift; path = MainAssembley.swift; sourceTree = "<group>"; };
		867328FF2A8245DD00BEA07D /* AddBinAssembley.swift */ = {isa = PBXFileReference; lastKnownFileType = sourcecode.swift; path = AddBinAssembley.swift; sourceTree = "<group>"; };
		867329012A8256B000BEA07D /* SettingsAssembley.swift */ = {isa = PBXFileReference; lastKnownFileType = sourcecode.swift; path = SettingsAssembley.swift; sourceTree = "<group>"; };
		867329042A825D0B00BEA07D /* EditBinAssembley.swift */ = {isa = PBXFileReference; lastKnownFileType = sourcecode.swift; path = EditBinAssembley.swift; sourceTree = "<group>"; };
		867329062A826E8700BEA07D /* MainViewModel.swift */ = {isa = PBXFileReference; lastKnownFileType = sourcecode.swift; path = MainViewModel.swift; sourceTree = "<group>"; };
		86BE857D2A73FDD5003650AE /* NotificationScreenView.swift */ = {isa = PBXFileReference; lastKnownFileType = sourcecode.swift; path = NotificationScreenView.swift; sourceTree = "<group>"; };
		86DF7EE92A6EA13B00B304EE /* my waste app.app */ = {isa = PBXFileReference; explicitFileType = wrapper.application; includeInIndex = 0; path = "my waste app.app"; sourceTree = BUILT_PRODUCTS_DIR; };
		86DF7EEC2A6EA13B00B304EE /* my_waste_appApp.swift */ = {isa = PBXFileReference; lastKnownFileType = sourcecode.swift; path = my_waste_appApp.swift; sourceTree = "<group>"; };
		86DF7EEE2A6EA13B00B304EE /* MainView.swift */ = {isa = PBXFileReference; lastKnownFileType = sourcecode.swift; path = MainView.swift; sourceTree = "<group>"; };
		86DF7EF02A6EA13C00B304EE /* Assets.xcassets */ = {isa = PBXFileReference; lastKnownFileType = folder.assetcatalog; path = Assets.xcassets; sourceTree = "<group>"; };
		86DF7EF32A6EA13C00B304EE /* Preview Assets.xcassets */ = {isa = PBXFileReference; lastKnownFileType = folder.assetcatalog; path = "Preview Assets.xcassets"; sourceTree = "<group>"; };
		86DF7EFA2A6EC4FA00B304EE /* BinCellView.swift */ = {isa = PBXFileReference; lastKnownFileType = sourcecode.swift; path = BinCellView.swift; sourceTree = "<group>"; };
		86DF7EFE2A6EC66E00B304EE /* Singleton.swift */ = {isa = PBXFileReference; lastKnownFileType = sourcecode.swift; path = Singleton.swift; sourceTree = "<group>"; };
		86DF7F002A6EFBD500B304EE /* AddBinView.swift */ = {isa = PBXFileReference; lastKnownFileType = sourcecode.swift; path = AddBinView.swift; sourceTree = "<group>"; };
		86DF7F0B2A6F22AC00B304EE /* WeekDay.swift */ = {isa = PBXFileReference; lastKnownFileType = sourcecode.swift; path = WeekDay.swift; sourceTree = "<group>"; };
		86DF7F0E2A6FCD6D00B304EE /* WeekdayRow.swift */ = {isa = PBXFileReference; lastKnownFileType = sourcecode.swift; path = WeekdayRow.swift; sourceTree = "<group>"; };
		86DF7F122A6FE85C00B304EE /* BinsListView.swift */ = {isa = PBXFileReference; lastKnownFileType = sourcecode.swift; path = BinsListView.swift; sourceTree = "<group>"; };
		86DF7F142A6FE8CE00B304EE /* BinsListViewModel.swift */ = {isa = PBXFileReference; lastKnownFileType = sourcecode.swift; path = BinsListViewModel.swift; sourceTree = "<group>"; };
		86DF7F162A6FF36F00B304EE /* AddBinViewModel.swift */ = {isa = PBXFileReference; lastKnownFileType = sourcecode.swift; path = AddBinViewModel.swift; sourceTree = "<group>"; };
		86DF7F192A70394800B304EE /* EditBinView.swift */ = {isa = PBXFileReference; lastKnownFileType = sourcecode.swift; path = EditBinView.swift; sourceTree = "<group>"; };
		86DF7F1D2A703E4000B304EE /* EditBinViewModel.swift */ = {isa = PBXFileReference; lastKnownFileType = sourcecode.swift; path = EditBinViewModel.swift; sourceTree = "<group>"; };
		86F9D7DA2A851CAD00F9765C /* Notification.swift */ = {isa = PBXFileReference; lastKnownFileType = sourcecode.swift; path = Notification.swift; sourceTree = "<group>"; };
		86F9D7DE2A851D5E00F9765C /* Day.swift */ = {isa = PBXFileReference; lastKnownFileType = sourcecode.swift; path = Day.swift; sourceTree = "<group>"; };
		86F9D7E02A851E7B00F9765C /* Bin.swift */ = {isa = PBXFileReference; lastKnownFileType = sourcecode.swift; path = Bin.swift; sourceTree = "<group>"; };
		86FA52182A8F824A00D3495A /* Subscriptions.storekit */ = {isa = PBXFileReference; lastKnownFileType = text; path = Subscriptions.storekit; sourceTree = "<group>"; };
		86FA521B2A8F826E00D3495A /* StoreKit.framework */ = {isa = PBXFileReference; lastKnownFileType = wrapper.framework; name = StoreKit.framework; path = System/Library/Frameworks/StoreKit.framework; sourceTree = SDKROOT; };
		86FA521F2A8F89B100D3495A /* ProductsConstants.swift */ = {isa = PBXFileReference; lastKnownFileType = sourcecode.swift; path = ProductsConstants.swift; sourceTree = "<group>"; };
		86FA52212A8F8A3300D3495A /* SubscriptionStore.swift */ = {isa = PBXFileReference; lastKnownFileType = sourcecode.swift; path = SubscriptionStore.swift; sourceTree = "<group>"; };
/* End PBXFileReference section */

/* Begin PBXFrameworksBuildPhase section */
		86DF7EE62A6EA13B00B304EE /* Frameworks */ = {
			isa = PBXFrameworksBuildPhase;
			buildActionMask = 2147483647;
			files = (
				86FA521C2A8F826E00D3495A /* StoreKit.framework in Frameworks */,
			);
			runOnlyForDeploymentPostprocessing = 0;
		};
/* End PBXFrameworksBuildPhase section */

/* Begin PBXGroup section */
		8606200E2A77EC3500E8123C /* Utilities */ = {
			isa = PBXGroup;
			children = (
				8606200F2A77EC5200E8123C /* Utilities.swift */,
				867328F52A7A689500BEA07D /* Route.swift */,
			);
			path = Utilities;
			sourceTree = "<group>";
		};
		860620132A7803CF00E8123C /* Settings */ = {
			isa = PBXGroup;
			children = (
				860620142A7803EE00E8123C /* SettingsView.swift */,
				860620162A78040600E8123C /* SettingsViewModel.swift */,
			);
			path = Settings;
			sourceTree = "<group>";
		};
		867329032A825BB300BEA07D /* Builder */ = {
			isa = PBXGroup;
			children = (
				867328FD2A82438200BEA07D /* MainAssembley.swift */,
				867328FF2A8245DD00BEA07D /* AddBinAssembley.swift */,
				867329012A8256B000BEA07D /* SettingsAssembley.swift */,
				867329042A825D0B00BEA07D /* EditBinAssembley.swift */,
			);
			path = Builder;
			sourceTree = "<group>";
		};
		86BE857C2A73FD89003650AE /* Notification */ = {
			isa = PBXGroup;
			children = (
				86BE857D2A73FDD5003650AE /* NotificationScreenView.swift */,
			);
			path = Notification;
			sourceTree = "<group>";
		};
		86DF7EE02A6EA13B00B304EE = {
			isa = PBXGroup;
			children = (
				86DF7EEB2A6EA13B00B304EE /* my waste app */,
				86DF7EEA2A6EA13B00B304EE /* Products */,
				86FA521A2A8F826E00D3495A /* Frameworks */,
			);
			sourceTree = "<group>";
		};
		86DF7EEA2A6EA13B00B304EE /* Products */ = {
			isa = PBXGroup;
			children = (
				86DF7EE92A6EA13B00B304EE /* my waste app.app */,
			);
			name = Products;
			sourceTree = "<group>";
		};
		86DF7EEB2A6EA13B00B304EE /* my waste app */ = {
			isa = PBXGroup;
			children = (
				8606200B2A77D00900E8123C /* my waste app.entitlements */,
				86DF7EEC2A6EA13B00B304EE /* my_waste_appApp.swift */,
				867329032A825BB300BEA07D /* Builder */,
				8606200E2A77EC3500E8123C /* Utilities */,
				86DF7F292A7055CC00B304EE /* Screens */,
				86DF7F282A7055B800B304EE /* Services */,
				86DF7EF02A6EA13C00B304EE /* Assets.xcassets */,
				86DF7EF22A6EA13C00B304EE /* Preview Content */,
				86DF7EFE2A6EC66E00B304EE /* Singleton.swift */,
			);
			path = "my waste app";
			sourceTree = "<group>";
		};
		86DF7EF22A6EA13C00B304EE /* Preview Content */ = {
			isa = PBXGroup;
			children = (
				86DF7EF32A6EA13C00B304EE /* Preview Assets.xcassets */,
			);
			path = "Preview Content";
			sourceTree = "<group>";
		};
		86DF7F022A6EFBDE00B304EE /* AddBinModule */ = {
			isa = PBXGroup;
			children = (
				86DF7F002A6EFBD500B304EE /* AddBinView.swift */,
				86DF7F0D2A6FCD5200B304EE /* Model */,
				86DF7F0E2A6FCD6D00B304EE /* WeekdayRow.swift */,
				86DF7F162A6FF36F00B304EE /* AddBinViewModel.swift */,
			);
			path = AddBinModule;
			sourceTree = "<group>";
		};
		86DF7F032A6EFBFC00B304EE /* Main */ = {
			isa = PBXGroup;
			children = (
				86DF7EEE2A6EA13B00B304EE /* MainView.swift */,
				867329062A826E8700BEA07D /* MainViewModel.swift */,
				86DF7F112A6FE82900B304EE /* BinList */,
			);
			path = Main;
			sourceTree = "<group>";
		};
		86DF7F042A6EFC1400B304EE /* View */ = {
			isa = PBXGroup;
			children = (
				86DF7EFA2A6EC4FA00B304EE /* BinCellView.swift */,
				86DF7F122A6FE85C00B304EE /* BinsListView.swift */,
			);
			path = View;
			sourceTree = "<group>";
		};
		86DF7F052A6EFC3000B304EE /* Model */ = {
			isa = PBXGroup;
			children = (
				86F9D7E02A851E7B00F9765C /* Bin.swift */,
				86F9D7DE2A851D5E00F9765C /* Day.swift */,
			);
			path = Model;
			sourceTree = "<group>";
		};
		86DF7F0D2A6FCD5200B304EE /* Model */ = {
			isa = PBXGroup;
			children = (
				86DF7F0B2A6F22AC00B304EE /* WeekDay.swift */,
			);
			path = Model;
			sourceTree = "<group>";
		};
		86DF7F102A6FE43900B304EE /* ViewModel */ = {
			isa = PBXGroup;
			children = (
				86DF7F142A6FE8CE00B304EE /* BinsListViewModel.swift */,
			);
			path = ViewModel;
			sourceTree = "<group>";
		};
		86DF7F112A6FE82900B304EE /* BinList */ = {
			isa = PBXGroup;
			children = (
				86DF7F042A6EFC1400B304EE /* View */,
				86DF7F052A6EFC3000B304EE /* Model */,
				86DF7F102A6FE43900B304EE /* ViewModel */,
			);
			path = BinList;
			sourceTree = "<group>";
		};
		86DF7F182A70390100B304EE /* EditBinModule */ = {
			isa = PBXGroup;
			children = (
				86DF7F1C2A703DE900B304EE /* ViewModel */,
				86DF7F1B2A703DD500B304EE /* View */,
			);
			path = EditBinModule;
			sourceTree = "<group>";
		};
		86DF7F1B2A703DD500B304EE /* View */ = {
			isa = PBXGroup;
			children = (
				86DF7F192A70394800B304EE /* EditBinView.swift */,
			);
			path = View;
			sourceTree = "<group>";
		};
		86DF7F1C2A703DE900B304EE /* ViewModel */ = {
			isa = PBXGroup;
			children = (
				86DF7F1D2A703E4000B304EE /* EditBinViewModel.swift */,
			);
			path = ViewModel;
			sourceTree = "<group>";
		};
		86DF7F282A7055B800B304EE /* Services */ = {
			isa = PBXGroup;
			children = (
				86F9D7DA2A851CAD00F9765C /* Notification.swift */,
				867328EA2A79425000BEA07D /* NotificationManager.swift */,
			);
			path = Services;
			sourceTree = "<group>";
		};
		86DF7F292A7055CC00B304EE /* Screens */ = {
			isa = PBXGroup;
			children = (
				86FA52152A8F81EF00D3495A /* Subscriptions */,
				86DF7F032A6EFBFC00B304EE /* Main */,
				860620132A7803CF00E8123C /* Settings */,
				86BE857C2A73FD89003650AE /* Notification */,
				86DF7F022A6EFBDE00B304EE /* AddBinModule */,
				86DF7F182A70390100B304EE /* EditBinModule */,
			);
			path = Screens;
			sourceTree = "<group>";
		};
		86FA52152A8F81EF00D3495A /* Subscriptions */ = {
			isa = PBXGroup;
			children = (
				86FA52182A8F824A00D3495A /* Subscriptions.storekit */,
				86FA521F2A8F89B100D3495A /* ProductsConstants.swift */,
				86FA52212A8F8A3300D3495A /* SubscriptionStore.swift */,
			);
			path = Subscriptions;
			sourceTree = "<group>";
		};
		86FA521A2A8F826E00D3495A /* Frameworks */ = {
			isa = PBXGroup;
			children = (
				86FA521B2A8F826E00D3495A /* StoreKit.framework */,
			);
			name = Frameworks;
			sourceTree = "<group>";
		};
/* End PBXGroup section */

/* Begin PBXNativeTarget section */
		86DF7EE82A6EA13B00B304EE /* my waste app */ = {
			isa = PBXNativeTarget;
			buildConfigurationList = 86DF7EF72A6EA13C00B304EE /* Build configuration list for PBXNativeTarget "my waste app" */;
			buildPhases = (
				86DF7EE52A6EA13B00B304EE /* Sources */,
				86DF7EE62A6EA13B00B304EE /* Frameworks */,
				86DF7EE72A6EA13B00B304EE /* Resources */,
			);
			buildRules = (
			);
			dependencies = (
			);
			name = "my waste app";
			packageProductDependencies = (
			);
			productName = "my waste app";
			productReference = 86DF7EE92A6EA13B00B304EE /* my waste app.app */;
			productType = "com.apple.product-type.application";
		};
/* End PBXNativeTarget section */

/* Begin PBXProject section */
		86DF7EE12A6EA13B00B304EE /* Project object */ = {
			isa = PBXProject;
			attributes = {
				BuildIndependentTargetsInParallel = 1;
				LastSwiftUpdateCheck = 1430;
				LastUpgradeCheck = 1430;
				TargetAttributes = {
					86DF7EE82A6EA13B00B304EE = {
						CreatedOnToolsVersion = 14.3.1;
					};
				};
			};
			buildConfigurationList = 86DF7EE42A6EA13B00B304EE /* Build configuration list for PBXProject "my waste app" */;
			compatibilityVersion = "Xcode 14.0";
			developmentRegion = en;
			hasScannedForEncodings = 0;
			knownRegions = (
				en,
				Base,
			);
			mainGroup = 86DF7EE02A6EA13B00B304EE;
			packageReferences = (
			);
			productRefGroup = 86DF7EEA2A6EA13B00B304EE /* Products */;
			projectDirPath = "";
			projectRoot = "";
			targets = (
				86DF7EE82A6EA13B00B304EE /* my waste app */,
			);
		};
/* End PBXProject section */

/* Begin PBXResourcesBuildPhase section */
		86DF7EE72A6EA13B00B304EE /* Resources */ = {
			isa = PBXResourcesBuildPhase;
			buildActionMask = 2147483647;
			files = (
				86DF7EF42A6EA13C00B304EE /* Preview Assets.xcassets in Resources */,
				86DF7EF12A6EA13C00B304EE /* Assets.xcassets in Resources */,
				86FA52192A8F824A00D3495A /* Subscriptions.storekit in Resources */,
			);
			runOnlyForDeploymentPostprocessing = 0;
		};
/* End PBXResourcesBuildPhase section */

/* Begin PBXSourcesBuildPhase section */
		86DF7EE52A6EA13B00B304EE /* Sources */ = {
			isa = PBXSourcesBuildPhase;
			buildActionMask = 2147483647;
			files = (
				86DF7F152A6FE8CE00B304EE /* BinsListViewModel.swift in Sources */,
				867329002A8245DD00BEA07D /* AddBinAssembley.swift in Sources */,
				867329052A825D0B00BEA07D /* EditBinAssembley.swift in Sources */,
				867328FE2A82438200BEA07D /* MainAssembley.swift in Sources */,
				860620172A78040600E8123C /* SettingsViewModel.swift in Sources */,
				86DF7F0C2A6F22AC00B304EE /* WeekDay.swift in Sources */,
				86DF7EEF2A6EA13B00B304EE /* MainView.swift in Sources */,
				86F9D7DB2A851CAD00F9765C /* Notification.swift in Sources */,
				867328EB2A79425000BEA07D /* NotificationManager.swift in Sources */,
				86DF7F1E2A703E4000B304EE /* EditBinViewModel.swift in Sources */,
				86DF7EFB2A6EC4FA00B304EE /* BinCellView.swift in Sources */,
				86DF7F132A6FE85C00B304EE /* BinsListView.swift in Sources */,
				86BE857E2A73FDD5003650AE /* NotificationScreenView.swift in Sources */,
				86DF7EFF2A6EC66E00B304EE /* Singleton.swift in Sources */,
				86DF7F0F2A6FCD6D00B304EE /* WeekdayRow.swift in Sources */,
				86DF7F012A6EFBD500B304EE /* AddBinView.swift in Sources */,
				86DF7EED2A6EA13B00B304EE /* my_waste_appApp.swift in Sources */,
				86DF7F1A2A70394800B304EE /* EditBinView.swift in Sources */,
				86F9D7DF2A851D5E00F9765C /* Day.swift in Sources */,
				86F9D7E12A851E7B00F9765C /* Bin.swift in Sources */,
				860620102A77EC5200E8123C /* Utilities.swift in Sources */,
				867329022A8256B000BEA07D /* SettingsAssembley.swift in Sources */,
				86DF7F172A6FF36F00B304EE /* AddBinViewModel.swift in Sources */,
				867328F62A7A689500BEA07D /* Route.swift in Sources */,
				860620152A7803EE00E8123C /* SettingsView.swift in Sources */,
				867329072A826E8700BEA07D /* MainViewModel.swift in Sources */,
				86FA52222A8F8A3300D3495A /* SubscriptionStore.swift in Sources */,
				86FA52202A8F89B100D3495A /* ProductsConstants.swift in Sources */,
			);
			runOnlyForDeploymentPostprocessing = 0;
		};
/* End PBXSourcesBuildPhase section */

/* Begin XCBuildConfiguration section */
		86DF7EF52A6EA13C00B304EE /* Debug */ = {
			isa = XCBuildConfiguration;
			buildSettings = {
				ALWAYS_SEARCH_USER_PATHS = NO;
				CLANG_ANALYZER_NONNULL = YES;
				CLANG_ANALYZER_NUMBER_OBJECT_CONVERSION = YES_AGGRESSIVE;
				CLANG_CXX_LANGUAGE_STANDARD = "gnu++20";
				CLANG_ENABLE_MODULES = YES;
				CLANG_ENABLE_OBJC_ARC = YES;
				CLANG_ENABLE_OBJC_WEAK = YES;
				CLANG_WARN_BLOCK_CAPTURE_AUTORELEASING = YES;
				CLANG_WARN_BOOL_CONVERSION = YES;
				CLANG_WARN_COMMA = YES;
				CLANG_WARN_CONSTANT_CONVERSION = YES;
				CLANG_WARN_DEPRECATED_OBJC_IMPLEMENTATIONS = YES;
				CLANG_WARN_DIRECT_OBJC_ISA_USAGE = YES_ERROR;
				CLANG_WARN_DOCUMENTATION_COMMENTS = YES;
				CLANG_WARN_EMPTY_BODY = YES;
				CLANG_WARN_ENUM_CONVERSION = YES;
				CLANG_WARN_INFINITE_RECURSION = YES;
				CLANG_WARN_INT_CONVERSION = YES;
				CLANG_WARN_NON_LITERAL_NULL_CONVERSION = YES;
				CLANG_WARN_OBJC_IMPLICIT_RETAIN_SELF = YES;
				CLANG_WARN_OBJC_LITERAL_CONVERSION = YES;
				CLANG_WARN_OBJC_ROOT_CLASS = YES_ERROR;
				CLANG_WARN_QUOTED_INCLUDE_IN_FRAMEWORK_HEADER = YES;
				CLANG_WARN_RANGE_LOOP_ANALYSIS = YES;
				CLANG_WARN_STRICT_PROTOTYPES = YES;
				CLANG_WARN_SUSPICIOUS_MOVE = YES;
				CLANG_WARN_UNGUARDED_AVAILABILITY = YES_AGGRESSIVE;
				CLANG_WARN_UNREACHABLE_CODE = YES;
				CLANG_WARN__DUPLICATE_METHOD_MATCH = YES;
				COPY_PHASE_STRIP = NO;
				DEBUG_INFORMATION_FORMAT = dwarf;
				ENABLE_STRICT_OBJC_MSGSEND = YES;
				ENABLE_TESTABILITY = YES;
				GCC_C_LANGUAGE_STANDARD = gnu11;
				GCC_DYNAMIC_NO_PIC = NO;
				GCC_NO_COMMON_BLOCKS = YES;
				GCC_OPTIMIZATION_LEVEL = 0;
				GCC_PREPROCESSOR_DEFINITIONS = (
					"DEBUG=1",
					"$(inherited)",
				);
				GCC_WARN_64_TO_32_BIT_CONVERSION = YES;
				GCC_WARN_ABOUT_RETURN_TYPE = YES_ERROR;
				GCC_WARN_UNDECLARED_SELECTOR = YES;
				GCC_WARN_UNINITIALIZED_AUTOS = YES_AGGRESSIVE;
				GCC_WARN_UNUSED_FUNCTION = YES;
				GCC_WARN_UNUSED_VARIABLE = YES;
				IPHONEOS_DEPLOYMENT_TARGET = 17.0;
				MTL_ENABLE_DEBUG_INFO = INCLUDE_SOURCE;
				MTL_FAST_MATH = YES;
				ONLY_ACTIVE_ARCH = YES;
				SDKROOT = iphoneos;
				SWIFT_ACTIVE_COMPILATION_CONDITIONS = DEBUG;
				SWIFT_OPTIMIZATION_LEVEL = "-Onone";
			};
			name = Debug;
		};
		86DF7EF62A6EA13C00B304EE /* Release */ = {
			isa = XCBuildConfiguration;
			buildSettings = {
				ALWAYS_SEARCH_USER_PATHS = NO;
				CLANG_ANALYZER_NONNULL = YES;
				CLANG_ANALYZER_NUMBER_OBJECT_CONVERSION = YES_AGGRESSIVE;
				CLANG_CXX_LANGUAGE_STANDARD = "gnu++20";
				CLANG_ENABLE_MODULES = YES;
				CLANG_ENABLE_OBJC_ARC = YES;
				CLANG_ENABLE_OBJC_WEAK = YES;
				CLANG_WARN_BLOCK_CAPTURE_AUTORELEASING = YES;
				CLANG_WARN_BOOL_CONVERSION = YES;
				CLANG_WARN_COMMA = YES;
				CLANG_WARN_CONSTANT_CONVERSION = YES;
				CLANG_WARN_DEPRECATED_OBJC_IMPLEMENTATIONS = YES;
				CLANG_WARN_DIRECT_OBJC_ISA_USAGE = YES_ERROR;
				CLANG_WARN_DOCUMENTATION_COMMENTS = YES;
				CLANG_WARN_EMPTY_BODY = YES;
				CLANG_WARN_ENUM_CONVERSION = YES;
				CLANG_WARN_INFINITE_RECURSION = YES;
				CLANG_WARN_INT_CONVERSION = YES;
				CLANG_WARN_NON_LITERAL_NULL_CONVERSION = YES;
				CLANG_WARN_OBJC_IMPLICIT_RETAIN_SELF = YES;
				CLANG_WARN_OBJC_LITERAL_CONVERSION = YES;
				CLANG_WARN_OBJC_ROOT_CLASS = YES_ERROR;
				CLANG_WARN_QUOTED_INCLUDE_IN_FRAMEWORK_HEADER = YES;
				CLANG_WARN_RANGE_LOOP_ANALYSIS = YES;
				CLANG_WARN_STRICT_PROTOTYPES = YES;
				CLANG_WARN_SUSPICIOUS_MOVE = YES;
				CLANG_WARN_UNGUARDED_AVAILABILITY = YES_AGGRESSIVE;
				CLANG_WARN_UNREACHABLE_CODE = YES;
				CLANG_WARN__DUPLICATE_METHOD_MATCH = YES;
				COPY_PHASE_STRIP = NO;
				DEBUG_INFORMATION_FORMAT = "dwarf-with-dsym";
				ENABLE_NS_ASSERTIONS = NO;
				ENABLE_STRICT_OBJC_MSGSEND = YES;
				GCC_C_LANGUAGE_STANDARD = gnu11;
				GCC_NO_COMMON_BLOCKS = YES;
				GCC_WARN_64_TO_32_BIT_CONVERSION = YES;
				GCC_WARN_ABOUT_RETURN_TYPE = YES_ERROR;
				GCC_WARN_UNDECLARED_SELECTOR = YES;
				GCC_WARN_UNINITIALIZED_AUTOS = YES_AGGRESSIVE;
				GCC_WARN_UNUSED_FUNCTION = YES;
				GCC_WARN_UNUSED_VARIABLE = YES;
				IPHONEOS_DEPLOYMENT_TARGET = 17.0;
				MTL_ENABLE_DEBUG_INFO = NO;
				MTL_FAST_MATH = YES;
				SDKROOT = iphoneos;
				SWIFT_COMPILATION_MODE = wholemodule;
				SWIFT_OPTIMIZATION_LEVEL = "-O";
				VALIDATE_PRODUCT = YES;
			};
			name = Release;
		};
		86DF7EF82A6EA13C00B304EE /* Debug */ = {
			isa = XCBuildConfiguration;
			buildSettings = {
				ASSETCATALOG_COMPILER_APPICON_NAME = AppIcon;
				ASSETCATALOG_COMPILER_GLOBAL_ACCENT_COLOR_NAME = AccentColor;
				CODE_SIGN_ENTITLEMENTS = "my waste app/my waste app.entitlements";
				CODE_SIGN_IDENTITY = "Apple Development";
				CODE_SIGN_STYLE = Automatic;
				CURRENT_PROJECT_VERSION = 1;
				DEVELOPMENT_ASSET_PATHS = "\"my waste app/Preview Content\"";
				DEVELOPMENT_TEAM = 922R4697G4;
				ENABLE_PREVIEWS = YES;
				GENERATE_INFOPLIST_FILE = YES;
				INFOPLIST_FILE = "my-waste-app-Info.plist";
				INFOPLIST_KEY_CFBundleDisplayName = "My Waste";
				INFOPLIST_KEY_UIApplicationSceneManifest_Generation = YES;
				INFOPLIST_KEY_UIApplicationSupportsIndirectInputEvents = YES;
				INFOPLIST_KEY_UILaunchScreen_Generation = YES;
				INFOPLIST_KEY_UISupportedInterfaceOrientations_iPad = "UIInterfaceOrientationPortrait UIInterfaceOrientationPortraitUpsideDown UIInterfaceOrientationLandscapeLeft UIInterfaceOrientationLandscapeRight";
				INFOPLIST_KEY_UISupportedInterfaceOrientations_iPhone = "UIInterfaceOrientationPortrait UIInterfaceOrientationLandscapeLeft UIInterfaceOrientationLandscapeRight";
				IPHONEOS_DEPLOYMENT_TARGET = 17.0;
				LD_RUNPATH_SEARCH_PATHS = (
					"$(inherited)",
					"@executable_path/Frameworks",
				);
				MARKETING_VERSION = 1.0;
				PRODUCT_BUNDLE_IDENTIFIER = "uk.co.markgolubev.my-waste-app";
				PRODUCT_NAME = "$(TARGET_NAME)";
				PROVISIONING_PROFILE_SPECIFIER = "";
				SWIFT_EMIT_LOC_STRINGS = YES;
				SWIFT_VERSION = 5.0;
				TARGETED_DEVICE_FAMILY = "1,2";
			};
			name = Debug;
		};
		86DF7EF92A6EA13C00B304EE /* Release */ = {
			isa = XCBuildConfiguration;
			buildSettings = {
				ASSETCATALOG_COMPILER_APPICON_NAME = AppIcon;
				ASSETCATALOG_COMPILER_GLOBAL_ACCENT_COLOR_NAME = AccentColor;
				CODE_SIGN_ENTITLEMENTS = "my waste app/my waste app.entitlements";
				CODE_SIGN_IDENTITY = "Apple Development";
				CODE_SIGN_STYLE = Automatic;
				CURRENT_PROJECT_VERSION = 1;
				DEVELOPMENT_ASSET_PATHS = "\"my waste app/Preview Content\"";
				DEVELOPMENT_TEAM = 922R4697G4;
				ENABLE_PREVIEWS = YES;
				GENERATE_INFOPLIST_FILE = YES;
				INFOPLIST_FILE = "my-waste-app-Info.plist";
				INFOPLIST_KEY_CFBundleDisplayName = "My Waste";
				INFOPLIST_KEY_UIApplicationSceneManifest_Generation = YES;
				INFOPLIST_KEY_UIApplicationSupportsIndirectInputEvents = YES;
				INFOPLIST_KEY_UILaunchScreen_Generation = YES;
				INFOPLIST_KEY_UISupportedInterfaceOrientations_iPad = "UIInterfaceOrientationPortrait UIInterfaceOrientationPortraitUpsideDown UIInterfaceOrientationLandscapeLeft UIInterfaceOrientationLandscapeRight";
				INFOPLIST_KEY_UISupportedInterfaceOrientations_iPhone = "UIInterfaceOrientationPortrait UIInterfaceOrientationLandscapeLeft UIInterfaceOrientationLandscapeRight";
				IPHONEOS_DEPLOYMENT_TARGET = 17.0;
				LD_RUNPATH_SEARCH_PATHS = (
					"$(inherited)",
					"@executable_path/Frameworks",
				);
				MARKETING_VERSION = 1.0;
				PRODUCT_BUNDLE_IDENTIFIER = "uk.co.markgolubev.my-waste-app";
				PRODUCT_NAME = "$(TARGET_NAME)";
				PROVISIONING_PROFILE_SPECIFIER = "";
				SWIFT_EMIT_LOC_STRINGS = YES;
				SWIFT_VERSION = 5.0;
				TARGETED_DEVICE_FAMILY = "1,2";
			};
			name = Release;
		};
/* End XCBuildConfiguration section */

/* Begin XCConfigurationList section */
		86DF7EE42A6EA13B00B304EE /* Build configuration list for PBXProject "my waste app" */ = {
			isa = XCConfigurationList;
			buildConfigurations = (
				86DF7EF52A6EA13C00B304EE /* Debug */,
				86DF7EF62A6EA13C00B304EE /* Release */,
			);
			defaultConfigurationIsVisible = 0;
			defaultConfigurationName = Release;
		};
		86DF7EF72A6EA13C00B304EE /* Build configuration list for PBXNativeTarget "my waste app" */ = {
			isa = XCConfigurationList;
			buildConfigurations = (
				86DF7EF82A6EA13C00B304EE /* Debug */,
				86DF7EF92A6EA13C00B304EE /* Release */,
			);
			defaultConfigurationIsVisible = 0;
			defaultConfigurationName = Release;
		};
/* End XCConfigurationList section */
	};
	rootObject = 86DF7EE12A6EA13B00B304EE /* Project object */;
}
